
Microsoft Visual Studio Solution File, Format Version 12.00
# Visual Studio Version 17
VisualStudioVersion = 17.2.32526.322
MinimumVisualStudioVersion = 10.0.40219.1
Project("{9A19103F-16F7-4668-BE54-9A1E7A4F7556}") = "MovieStoreWebApp", "MovieStoreWebApp\MovieStoreWebApp.csproj", "{4FDC2BCD-0368-4CFA-AFA1-5D2B443910BD}"
EndProject
Project("{FAE04EC0-301F-11D3-BF4B-00C04F79EFBC}") = "MovieStoreWebApp.Test", "MovieStoreWebApp.Test\MovieStoreWebApp.Test.csproj", "{40B55076-0887-4743-8946-EACBBFA6877C}"
EndProject
Project("{FAE04EC0-301F-11D3-BF4B-00C04F79EFBC}") = "MovieStoryWebApp.Test.Utils", "MovieStoryWebApp.Test.Utils\MovieStoryWebApp.Test.Utils.csproj", "{2F29EDCB-A974-4A66-AEE3-B47C665DC765}"
EndProject
Global
	GlobalSection(SolutionConfigurationPlatforms) = preSolution
		Debug|Any CPU = Debug|Any CPU
		Release|Any CPU = Release|Any CPU
	EndGlobalSection
	GlobalSection(ProjectConfigurationPlatforms) = postSolution
		{4FDC2BCD-0368-4CFA-AFA1-5D2B443910BD}.Debug|Any CPU.ActiveCfg = Debug|Any CPU
		{4FDC2BCD-0368-4CFA-AFA1-5D2B443910BD}.Debug|Any CPU.Build.0 = Debug|Any CPU
		{4FDC2BCD-0368-4CFA-AFA1-5D2B443910BD}.Release|Any CPU.ActiveCfg = Release|Any CPU
		{4FDC2BCD-0368-4CFA-AFA1-5D2B443910BD}.Release|Any CPU.Build.0 = Release|Any CPU
		{40B55076-0887-4743-8946-EACBBFA6877C}.Debug|Any CPU.ActiveCfg = Debug|Any CPU
		{40B55076-0887-4743-8946-EACBBFA6877C}.Debug|Any CPU.Build.0 = Debug|Any CPU
		{40B55076-0887-4743-8946-EACBBFA6877C}.Release|Any CPU.ActiveCfg = Release|Any CPU
		{40B55076-0887-4743-8946-EACBBFA6877C}.Release|Any CPU.Build.0 = Release|Any CPU
		{2F29EDCB-A974-4A66-AEE3-B47C665DC765}.Debug|Any CPU.ActiveCfg = Debug|Any CPU
		{2F29EDCB-A974-4A66-AEE3-B47C665DC765}.Debug|Any CPU.Build.0 = Debug|Any CPU
		{2F29EDCB-A974-4A66-AEE3-B47C665DC765}.Release|Any CPU.ActiveCfg = Release|Any CPU
		{2F29EDCB-A974-4A66-AEE3-B47C665DC765}.Release|Any CPU.Build.0 = Release|Any CPU
	EndGlobalSection
	GlobalSection(SolutionProperties) = preSolution
		HideSolutionNode = FALSE
	EndGlobalSection
	GlobalSection(ExtensibilityGlobals) = postSolution
		SolutionGuid = {C35CA360-24A3-494B-B372-EF0012C3BC99}
	EndGlobalSection
EndGlobal
